
Microsoft Visual Studio Solution File, Format Version 12.00
Project("{FAE04EC0-301F-11D3-BF4B-00C04F79EFBC}") = "BookshopApi", "BookshopApi\BookshopApi.csproj", "{7C2D8A17-0133-4EB4-876E-D9FF1DF5E495}"
EndProject
Project("{FAE04EC0-301F-11D3-BF4B-00C04F79EFBC}") = "BookshopReporting", "BookshopReporting\BookshopReporting.csproj", "{F46FB775-34BE-4A50-A834-9C754FB0795A}"
EndProject
Global
	GlobalSection(SolutionConfigurationPlatforms) = preSolution
		Debug|Any CPU = Debug|Any CPU
		Release|Any CPU = Release|Any CPU
	EndGlobalSection
	GlobalSection(ProjectConfigurationPlatforms) = postSolution
		{7C2D8A17-0133-4EB4-876E-D9FF1DF5E495}.Debug|Any CPU.ActiveCfg = Debug|Any CPU
		{7C2D8A17-0133-4EB4-876E-D9FF1DF5E495}.Debug|Any CPU.Build.0 = Debug|Any CPU
		{7C2D8A17-0133-4EB4-876E-D9FF1DF5E495}.Release|Any CPU.ActiveCfg = Release|Any CPU
		{7C2D8A17-0133-4EB4-876E-D9FF1DF5E495}.Release|Any CPU.Build.0 = Release|Any CPU
		{F46FB775-34BE-4A50-A834-9C754FB0795A}.Debug|Any CPU.ActiveCfg = Debug|Any CPU
		{F46FB775-34BE-4A50-A834-9C754FB0795A}.Debug|Any CPU.Build.0 = Debug|Any CPU
		{F46FB775-34BE-4A50-A834-9C754FB0795A}.Release|Any CPU.ActiveCfg = Release|Any CPU
		{F46FB775-34BE-4A50-A834-9C754FB0795A}.Release|Any CPU.Build.0 = Release|Any CPU
	EndGlobalSection
EndGlobal
